// !$*UTF8*$!
{
	archiveVersion = 1;
	classes = {
	};
	objectVersion = 50;
	objects = {

/* Begin PBXBuildFile section */
		6AD3EDCD2552A00800F8EF61 /* AppDelegate.swift in Sources */ = {isa = PBXBuildFile; fileRef = 6AD3EDCC2552A00800F8EF61 /* AppDelegate.swift */; };
		6AD3EDD12552A00800F8EF61 /* ViewController.swift in Sources */ = {isa = PBXBuildFile; fileRef = 6AD3EDD02552A00800F8EF61 /* ViewController.swift */; };
		6AD3EDD42552A00800F8EF61 /* Main.storyboard in Resources */ = {isa = PBXBuildFile; fileRef = 6AD3EDD22552A00800F8EF61 /* Main.storyboard */; };
		6AD3EDD72552A00800F8EF61 /* CoordinatorPractice.xcdatamodeld in Sources */ = {isa = PBXBuildFile; fileRef = 6AD3EDD52552A00800F8EF61 /* CoordinatorPractice.xcdatamodeld */; };
		6AD3EDD92552A00900F8EF61 /* Assets.xcassets in Resources */ = {isa = PBXBuildFile; fileRef = 6AD3EDD82552A00900F8EF61 /* Assets.xcassets */; };
		6AD3EDDC2552A00900F8EF61 /* LaunchScreen.storyboard in Resources */ = {isa = PBXBuildFile; fileRef = 6AD3EDDA2552A00900F8EF61 /* LaunchScreen.storyboard */; };
		6AD3EDE72552A00900F8EF61 /* CoordinatorPracticeTests.swift in Sources */ = {isa = PBXBuildFile; fileRef = 6AD3EDE62552A00900F8EF61 /* CoordinatorPracticeTests.swift */; };
		6AD3EDF22552A00A00F8EF61 /* CoordinatorPracticeUITests.swift in Sources */ = {isa = PBXBuildFile; fileRef = 6AD3EDF12552A00A00F8EF61 /* CoordinatorPracticeUITests.swift */; };
		6AD3EE032552A02800F8EF61 /* Coordinator.swift in Sources */ = {isa = PBXBuildFile; fileRef = 6AD3EE022552A02800F8EF61 /* Coordinator.swift */; };
		6AD3EE082552A04A00F8EF61 /* Storyboarded.swift in Sources */ = {isa = PBXBuildFile; fileRef = 6AD3EE072552A04A00F8EF61 /* Storyboarded.swift */; };
		6AD3EE0E2552A08C00F8EF61 /* MainCoordinator.swift in Sources */ = {isa = PBXBuildFile; fileRef = 6AD3EE0D2552A08C00F8EF61 /* MainCoordinator.swift */; };
		6AD3EE162552A13500F8EF61 /* BuyViewController.swift in Sources */ = {isa = PBXBuildFile; fileRef = 6AD3EE152552A13500F8EF61 /* BuyViewController.swift */; };
		6AD3EE1B2552A17300F8EF61 /* CreateAccountViewController.swift in Sources */ = {isa = PBXBuildFile; fileRef = 6AD3EE1A2552A17300F8EF61 /* CreateAccountViewController.swift */; };
/* End PBXBuildFile section */

/* Begin PBXContainerItemProxy section */
		6AD3EDE32552A00900F8EF61 /* PBXContainerItemProxy */ = {
			isa = PBXContainerItemProxy;
			containerPortal = 6AD3EDC12552A00800F8EF61 /* Project object */;
			proxyType = 1;
			remoteGlobalIDString = 6AD3EDC82552A00800F8EF61;
			remoteInfo = CoordinatorPractice;
		};
		6AD3EDEE2552A00900F8EF61 /* PBXContainerItemProxy */ = {
			isa = PBXContainerItemProxy;
			containerPortal = 6AD3EDC12552A00800F8EF61 /* Project object */;
			proxyType = 1;
			remoteGlobalIDString = 6AD3EDC82552A00800F8EF61;
			remoteInfo = CoordinatorPractice;
		};
/* End PBXContainerItemProxy section */

/* Begin PBXFileReference section */
		6AD3EDC92552A00800F8EF61 /* CoordinatorPractice.app */ = {isa = PBXFileReference; explicitFileType = wrapper.application; includeInIndex = 0; path = CoordinatorPractice.app; sourceTree = BUILT_PRODUCTS_DIR; };
		6AD3EDCC2552A00800F8EF61 /* AppDelegate.swift */ = {isa = PBXFileReference; lastKnownFileType = sourcecode.swift; path = AppDelegate.swift; sourceTree = "<group>"; };
		6AD3EDD02552A00800F8EF61 /* ViewController.swift */ = {isa = PBXFileReference; lastKnownFileType = sourcecode.swift; path = ViewController.swift; sourceTree = "<group>"; };
		6AD3EDD32552A00800F8EF61 /* Base */ = {isa = PBXFileReference; lastKnownFileType = file.storyboard; name = Base; path = Base.lproj/Main.storyboard; sourceTree = "<group>"; };
		6AD3EDD62552A00800F8EF61 /* CoordinatorPractice.xcdatamodel */ = {isa = PBXFileReference; lastKnownFileType = wrapper.xcdatamodel; path = CoordinatorPractice.xcdatamodel; sourceTree = "<group>"; };
		6AD3EDD82552A00900F8EF61 /* Assets.xcassets */ = {isa = PBXFileReference; lastKnownFileType = folder.assetcatalog; path = Assets.xcassets; sourceTree = "<group>"; };
		6AD3EDDB2552A00900F8EF61 /* Base */ = {isa = PBXFileReference; lastKnownFileType = file.storyboard; name = Base; path = Base.lproj/LaunchScreen.storyboard; sourceTree = "<group>"; };
		6AD3EDDD2552A00900F8EF61 /* Info.plist */ = {isa = PBXFileReference; lastKnownFileType = text.plist.xml; path = Info.plist; sourceTree = "<group>"; };
		6AD3EDE22552A00900F8EF61 /* CoordinatorPracticeTests.xctest */ = {isa = PBXFileReference; explicitFileType = wrapper.cfbundle; includeInIndex = 0; path = CoordinatorPracticeTests.xctest; sourceTree = BUILT_PRODUCTS_DIR; };
		6AD3EDE62552A00900F8EF61 /* CoordinatorPracticeTests.swift */ = {isa = PBXFileReference; lastKnownFileType = sourcecode.swift; path = CoordinatorPracticeTests.swift; sourceTree = "<group>"; };
		6AD3EDE82552A00900F8EF61 /* Info.plist */ = {isa = PBXFileReference; lastKnownFileType = text.plist.xml; path = Info.plist; sourceTree = "<group>"; };
		6AD3EDED2552A00900F8EF61 /* CoordinatorPracticeUITests.xctest */ = {isa = PBXFileReference; explicitFileType = wrapper.cfbundle; includeInIndex = 0; path = CoordinatorPracticeUITests.xctest; sourceTree = BUILT_PRODUCTS_DIR; };
		6AD3EDF12552A00A00F8EF61 /* CoordinatorPracticeUITests.swift */ = {isa = PBXFileReference; lastKnownFileType = sourcecode.swift; path = CoordinatorPracticeUITests.swift; sourceTree = "<group>"; };
		6AD3EDF32552A00A00F8EF61 /* Info.plist */ = {isa = PBXFileReference; lastKnownFileType = text.plist.xml; path = Info.plist; sourceTree = "<group>"; };
		6AD3EE022552A02800F8EF61 /* Coordinator.swift */ = {isa = PBXFileReference; lastKnownFileType = sourcecode.swift; path = Coordinator.swift; sourceTree = "<group>"; };
		6AD3EE072552A04A00F8EF61 /* Storyboarded.swift */ = {isa = PBXFileReference; lastKnownFileType = sourcecode.swift; path = Storyboarded.swift; sourceTree = "<group>"; };
		6AD3EE0D2552A08C00F8EF61 /* MainCoordinator.swift */ = {isa = PBXFileReference; lastKnownFileType = sourcecode.swift; path = MainCoordinator.swift; sourceTree = "<group>"; };
		6AD3EE152552A13500F8EF61 /* BuyViewController.swift */ = {isa = PBXFileReference; lastKnownFileType = sourcecode.swift; path = BuyViewController.swift; sourceTree = "<group>"; };
		6AD3EE1A2552A17300F8EF61 /* CreateAccountViewController.swift */ = {isa = PBXFileReference; lastKnownFileType = sourcecode.swift; path = CreateAccountViewController.swift; sourceTree = "<group>"; };
/* End PBXFileReference section */

/* Begin PBXFrameworksBuildPhase section */
		6AD3EDC62552A00800F8EF61 /* Frameworks */ = {
			isa = PBXFrameworksBuildPhase;
			buildActionMask = 2147483647;
			files = (
			);
			runOnlyForDeploymentPostprocessing = 0;
		};
		6AD3EDDF2552A00900F8EF61 /* Frameworks */ = {
			isa = PBXFrameworksBuildPhase;
			buildActionMask = 2147483647;
			files = (
			);
			runOnlyForDeploymentPostprocessing = 0;
		};
		6AD3EDEA2552A00900F8EF61 /* Frameworks */ = {
			isa = PBXFrameworksBuildPhase;
			buildActionMask = 2147483647;
			files = (
			);
			runOnlyForDeploymentPostprocessing = 0;
		};
/* End PBXFrameworksBuildPhase section */

/* Begin PBXGroup section */
		6AD3EDC02552A00800F8EF61 = {
			isa = PBXGroup;
			children = (
				6AD3EDCB2552A00800F8EF61 /* CoordinatorPractice */,
				6AD3EDE52552A00900F8EF61 /* CoordinatorPracticeTests */,
				6AD3EDF02552A00900F8EF61 /* CoordinatorPracticeUITests */,
				6AD3EDCA2552A00800F8EF61 /* Products */,
			);
			sourceTree = "<group>";
		};
		6AD3EDCA2552A00800F8EF61 /* Products */ = {
			isa = PBXGroup;
			children = (
				6AD3EDC92552A00800F8EF61 /* CoordinatorPractice.app */,
				6AD3EDE22552A00900F8EF61 /* CoordinatorPracticeTests.xctest */,
				6AD3EDED2552A00900F8EF61 /* CoordinatorPracticeUITests.xctest */,
			);
			name = Products;
			sourceTree = "<group>";
		};
		6AD3EDCB2552A00800F8EF61 /* CoordinatorPractice */ = {
			isa = PBXGroup;
			children = (
				6AD3EE4D2552E61300F8EF61 /* ViewController */,
				6AD3EE0C2552A07400F8EF61 /* Coordinator */,
				6AD3EDCC2552A00800F8EF61 /* AppDelegate.swift */,
				6AD3EE072552A04A00F8EF61 /* Storyboarded.swift */,
				6AD3EDD22552A00800F8EF61 /* Main.storyboard */,
				6AD3EDD82552A00900F8EF61 /* Assets.xcassets */,
				6AD3EDDA2552A00900F8EF61 /* LaunchScreen.storyboard */,
				6AD3EDDD2552A00900F8EF61 /* Info.plist */,
				6AD3EDD52552A00800F8EF61 /* CoordinatorPractice.xcdatamodeld */,
			);
			path = CoordinatorPractice;
			sourceTree = "<group>";
		};
		6AD3EDE52552A00900F8EF61 /* CoordinatorPracticeTests */ = {
			isa = PBXGroup;
			children = (
				6AD3EDE62552A00900F8EF61 /* CoordinatorPracticeTests.swift */,
				6AD3EDE82552A00900F8EF61 /* Info.plist */,
			);
			path = CoordinatorPracticeTests;
			sourceTree = "<group>";
		};
		6AD3EDF02552A00900F8EF61 /* CoordinatorPracticeUITests */ = {
			isa = PBXGroup;
			children = (
				6AD3EDF12552A00A00F8EF61 /* CoordinatorPracticeUITests.swift */,
				6AD3EDF32552A00A00F8EF61 /* Info.plist */,
			);
			path = CoordinatorPracticeUITests;
			sourceTree = "<group>";
		};
		6AD3EE0C2552A07400F8EF61 /* Coordinator */ = {
			isa = PBXGroup;
			children = (
				6AD3EE022552A02800F8EF61 /* Coordinator.swift */,
				6AD3EE0D2552A08C00F8EF61 /* MainCoordinator.swift */,
			);
			path = Coordinator;
			sourceTree = "<group>";
		};
		6AD3EE4D2552E61300F8EF61 /* ViewController */ = {
			isa = PBXGroup;
			children = (
				6AD3EDD02552A00800F8EF61 /* ViewController.swift */,
				6AD3EE152552A13500F8EF61 /* BuyViewController.swift */,
				6AD3EE1A2552A17300F8EF61 /* CreateAccountViewController.swift */,
			);
			path = ViewController;
			sourceTree = "<group>";
		};
/* End PBXGroup section */

/* Begin PBXNativeTarget section */
		6AD3EDC82552A00800F8EF61 /* CoordinatorPractice */ = {
			isa = PBXNativeTarget;
			buildConfigurationList = 6AD3EDF62552A00A00F8EF61 /* Build configuration list for PBXNativeTarget "CoordinatorPractice" */;
			buildPhases = (
				6AD3EDC52552A00800F8EF61 /* Sources */,
				6AD3EDC62552A00800F8EF61 /* Frameworks */,
				6AD3EDC72552A00800F8EF61 /* Resources */,
			);
			buildRules = (
			);
			dependencies = (
			);
			name = CoordinatorPractice;
			productName = CoordinatorPractice;
			productReference = 6AD3EDC92552A00800F8EF61 /* CoordinatorPractice.app */;
			productType = "com.apple.product-type.application";
		};
		6AD3EDE12552A00900F8EF61 /* CoordinatorPracticeTests */ = {
			isa = PBXNativeTarget;
			buildConfigurationList = 6AD3EDF92552A00A00F8EF61 /* Build configuration list for PBXNativeTarget "CoordinatorPracticeTests" */;
			buildPhases = (
				6AD3EDDE2552A00900F8EF61 /* Sources */,
				6AD3EDDF2552A00900F8EF61 /* Frameworks */,
				6AD3EDE02552A00900F8EF61 /* Resources */,
			);
			buildRules = (
			);
			dependencies = (
				6AD3EDE42552A00900F8EF61 /* PBXTargetDependency */,
			);
			name = CoordinatorPracticeTests;
			productName = CoordinatorPracticeTests;
			productReference = 6AD3EDE22552A00900F8EF61 /* CoordinatorPracticeTests.xctest */;
			productType = "com.apple.product-type.bundle.unit-test";
		};
		6AD3EDEC2552A00900F8EF61 /* CoordinatorPracticeUITests */ = {
			isa = PBXNativeTarget;
			buildConfigurationList = 6AD3EDFC2552A00A00F8EF61 /* Build configuration list for PBXNativeTarget "CoordinatorPracticeUITests" */;
			buildPhases = (
				6AD3EDE92552A00900F8EF61 /* Sources */,
				6AD3EDEA2552A00900F8EF61 /* Frameworks */,
				6AD3EDEB2552A00900F8EF61 /* Resources */,
			);
			buildRules = (
			);
			dependencies = (
				6AD3EDEF2552A00900F8EF61 /* PBXTargetDependency */,
			);
			name = CoordinatorPracticeUITests;
			productName = CoordinatorPracticeUITests;
			productReference = 6AD3EDED2552A00900F8EF61 /* CoordinatorPracticeUITests.xctest */;
			productType = "com.apple.product-type.bundle.ui-testing";
		};
/* End PBXNativeTarget section */

/* Begin PBXProject section */
		6AD3EDC12552A00800F8EF61 /* Project object */ = {
			isa = PBXProject;
			attributes = {
				LastSwiftUpdateCheck = 1210;
				LastUpgradeCheck = 1210;
				TargetAttributes = {
					6AD3EDC82552A00800F8EF61 = {
						CreatedOnToolsVersion = 12.1;
					};
					6AD3EDE12552A00900F8EF61 = {
						CreatedOnToolsVersion = 12.1;
						TestTargetID = 6AD3EDC82552A00800F8EF61;
					};
					6AD3EDEC2552A00900F8EF61 = {
						CreatedOnToolsVersion = 12.1;
						TestTargetID = 6AD3EDC82552A00800F8EF61;
					};
				};
			};
			buildConfigurationList = 6AD3EDC42552A00800F8EF61 /* Build configuration list for PBXProject "CoordinatorPractice" */;
			compatibilityVersion = "Xcode 9.3";
			developmentRegion = en;
			hasScannedForEncodings = 0;
			knownRegions = (
				en,
				Base,
			);
			mainGroup = 6AD3EDC02552A00800F8EF61;
			productRefGroup = 6AD3EDCA2552A00800F8EF61 /* Products */;
			projectDirPath = "";
			projectRoot = "";
			targets = (
				6AD3EDC82552A00800F8EF61 /* CoordinatorPractice */,
				6AD3EDE12552A00900F8EF61 /* CoordinatorPracticeTests */,
				6AD3EDEC2552A00900F8EF61 /* CoordinatorPracticeUITests */,
			);
		};
/* End PBXProject section */

/* Begin PBXResourcesBuildPhase section */
		6AD3EDC72552A00800F8EF61 /* Resources */ = {
			isa = PBXResourcesBuildPhase;
			buildActionMask = 2147483647;
			files = (
				6AD3EDDC2552A00900F8EF61 /* LaunchScreen.storyboard in Resources */,
				6AD3EDD92552A00900F8EF61 /* Assets.xcassets in Resources */,
				6AD3EDD42552A00800F8EF61 /* Main.storyboard in Resources */,
			);
			runOnlyForDeploymentPostprocessing = 0;
		};
		6AD3EDE02552A00900F8EF61 /* Resources */ = {
			isa = PBXResourcesBuildPhase;
			buildActionMask = 2147483647;
			files = (
			);
			runOnlyForDeploymentPostprocessing = 0;
		};
		6AD3EDEB2552A00900F8EF61 /* Resources */ = {
			isa = PBXResourcesBuildPhase;
			buildActionMask = 2147483647;
			files = (
			);
			runOnlyForDeploymentPostprocessing = 0;
		};
/* End PBXResourcesBuildPhase section */

/* Begin PBXSourcesBuildPhase section */
		6AD3EDC52552A00800F8EF61 /* Sources */ = {
			isa = PBXSourcesBuildPhase;
			buildActionMask = 2147483647;
			files = (
				6AD3EDD12552A00800F8EF61 /* ViewController.swift in Sources */,
				6AD3EE162552A13500F8EF61 /* BuyViewController.swift in Sources */,
				6AD3EE0E2552A08C00F8EF61 /* MainCoordinator.swift in Sources */,
				6AD3EDCD2552A00800F8EF61 /* AppDelegate.swift in Sources */,
				6AD3EE032552A02800F8EF61 /* Coordinator.swift in Sources */,
				6AD3EDD72552A00800F8EF61 /* CoordinatorPractice.xcdatamodeld in Sources */,
				6AD3EE1B2552A17300F8EF61 /* CreateAccountViewController.swift in Sources */,
				6AD3EE082552A04A00F8EF61 /* Storyboarded.swift in Sources */,
			);
			runOnlyForDeploymentPostprocessing = 0;
		};
		6AD3EDDE2552A00900F8EF61 /* Sources */ = {
			isa = PBXSourcesBuildPhase;
			buildActionMask = 2147483647;
			files = (
				6AD3EDE72552A00900F8EF61 /* CoordinatorPracticeTests.swift in Sources */,
			);
			runOnlyForDeploymentPostprocessing = 0;
		};
		6AD3EDE92552A00900F8EF61 /* Sources */ = {
			isa = PBXSourcesBuildPhase;
			buildActionMask = 2147483647;
			files = (
				6AD3EDF22552A00A00F8EF61 /* CoordinatorPracticeUITests.swift in Sources */,
			);
			runOnlyForDeploymentPostprocessing = 0;
		};
/* End PBXSourcesBuildPhase section */

/* Begin PBXTargetDependency section */
		6AD3EDE42552A00900F8EF61 /* PBXTargetDependency */ = {
			isa = PBXTargetDependency;
			target = 6AD3EDC82552A00800F8EF61 /* CoordinatorPractice */;
			targetProxy = 6AD3EDE32552A00900F8EF61 /* PBXContainerItemProxy */;
		};
		6AD3EDEF2552A00900F8EF61 /* PBXTargetDependency */ = {
			isa = PBXTargetDependency;
			target = 6AD3EDC82552A00800F8EF61 /* CoordinatorPractice */;
			targetProxy = 6AD3EDEE2552A00900F8EF61 /* PBXContainerItemProxy */;
		};
/* End PBXTargetDependency section */

/* Begin PBXVariantGroup section */
		6AD3EDD22552A00800F8EF61 /* Main.storyboard */ = {
			isa = PBXVariantGroup;
			children = (
				6AD3EDD32552A00800F8EF61 /* Base */,
			);
			name = Main.storyboard;
			sourceTree = "<group>";
		};
		6AD3EDDA2552A00900F8EF61 /* LaunchScreen.storyboard */ = {
			isa = PBXVariantGroup;
			children = (
				6AD3EDDB2552A00900F8EF61 /* Base */,
			);
			name = LaunchScreen.storyboard;
			sourceTree = "<group>";
		};
/* End PBXVariantGroup section */

/* Begin XCBuildConfiguration section */
		6AD3EDF42552A00A00F8EF61 /* Debug */ = {
			isa = XCBuildConfiguration;
			buildSettings = {
				ALWAYS_SEARCH_USER_PATHS = NO;
				CLANG_ANALYZER_NONNULL = YES;
				CLANG_ANALYZER_NUMBER_OBJECT_CONVERSION = YES_AGGRESSIVE;
				CLANG_CXX_LANGUAGE_STANDARD = "gnu++14";
				CLANG_CXX_LIBRARY = "libc++";
				CLANG_ENABLE_MODULES = YES;
				CLANG_ENABLE_OBJC_ARC = YES;
				CLANG_ENABLE_OBJC_WEAK = YES;
				CLANG_WARN_BLOCK_CAPTURE_AUTORELEASING = YES;
				CLANG_WARN_BOOL_CONVERSION = YES;
				CLANG_WARN_COMMA = YES;
				CLANG_WARN_CONSTANT_CONVERSION = YES;
				CLANG_WARN_DEPRECATED_OBJC_IMPLEMENTATIONS = YES;
				CLANG_WARN_DIRECT_OBJC_ISA_USAGE = YES_ERROR;
				CLANG_WARN_DOCUMENTATION_COMMENTS = YES;
				CLANG_WARN_EMPTY_BODY = YES;
				CLANG_WARN_ENUM_CONVERSION = YES;
				CLANG_WARN_INFINITE_RECURSION = YES;
				CLANG_WARN_INT_CONVERSION = YES;
				CLANG_WARN_NON_LITERAL_NULL_CONVERSION = YES;
				CLANG_WARN_OBJC_IMPLICIT_RETAIN_SELF = YES;
				CLANG_WARN_OBJC_LITERAL_CONVERSION = YES;
				CLANG_WARN_OBJC_ROOT_CLASS = YES_ERROR;
				CLANG_WARN_QUOTED_INCLUDE_IN_FRAMEWORK_HEADER = YES;
				CLANG_WARN_RANGE_LOOP_ANALYSIS = YES;
				CLANG_WARN_STRICT_PROTOTYPES = YES;
				CLANG_WARN_SUSPICIOUS_MOVE = YES;
				CLANG_WARN_UNGUARDED_AVAILABILITY = YES_AGGRESSIVE;
				CLANG_WARN_UNREACHABLE_CODE = YES;
				CLANG_WARN__DUPLICATE_METHOD_MATCH = YES;
				COPY_PHASE_STRIP = NO;
				DEBUG_INFORMATION_FORMAT = dwarf;
				ENABLE_STRICT_OBJC_MSGSEND = YES;
				ENABLE_TESTABILITY = YES;
				GCC_C_LANGUAGE_STANDARD = gnu11;
				GCC_DYNAMIC_NO_PIC = NO;
				GCC_NO_COMMON_BLOCKS = YES;
				GCC_OPTIMIZATION_LEVEL = 0;
				GCC_PREPROCESSOR_DEFINITIONS = (
					"DEBUG=1",
					"$(inherited)",
				);
				GCC_WARN_64_TO_32_BIT_CONVERSION = YES;
				GCC_WARN_ABOUT_RETURN_TYPE = YES_ERROR;
				GCC_WARN_UNDECLARED_SELECTOR = YES;
				GCC_WARN_UNINITIALIZED_AUTOS = YES_AGGRESSIVE;
				GCC_WARN_UNUSED_FUNCTION = YES;
				GCC_WARN_UNUSED_VARIABLE = YES;
				IPHONEOS_DEPLOYMENT_TARGET = 14.1;
				MTL_ENABLE_DEBUG_INFO = INCLUDE_SOURCE;
				MTL_FAST_MATH = YES;
				ONLY_ACTIVE_ARCH = YES;
				SDKROOT = iphoneos;
				SWIFT_ACTIVE_COMPILATION_CONDITIONS = DEBUG;
				SWIFT_OPTIMIZATION_LEVEL = "-Onone";
			};
			name = Debug;
		};
		6AD3EDF52552A00A00F8EF61 /* Release */ = {
			isa = XCBuildConfiguration;
			buildSettings = {
				ALWAYS_SEARCH_USER_PATHS = NO;
				CLANG_ANALYZER_NONNULL = YES;
				CLANG_ANALYZER_NUMBER_OBJECT_CONVERSION = YES_AGGRESSIVE;
				CLANG_CXX_LANGUAGE_STANDARD = "gnu++14";
				CLANG_CXX_LIBRARY = "libc++";
				CLANG_ENABLE_MODULES = YES;
				CLANG_ENABLE_OBJC_ARC = YES;
				CLANG_ENABLE_OBJC_WEAK = YES;
				CLANG_WARN_BLOCK_CAPTURE_AUTORELEASING = YES;
				CLANG_WARN_BOOL_CONVERSION = YES;
				CLANG_WARN_COMMA = YES;
				CLANG_WARN_CONSTANT_CONVERSION = YES;
				CLANG_WARN_DEPRECATED_OBJC_IMPLEMENTATIONS = YES;
				CLANG_WARN_DIRECT_OBJC_ISA_USAGE = YES_ERROR;
				CLANG_WARN_DOCUMENTATION_COMMENTS = YES;
				CLANG_WARN_EMPTY_BODY = YES;
				CLANG_WARN_ENUM_CONVERSION = YES;
				CLANG_WARN_INFINITE_RECURSION = YES;
				CLANG_WARN_INT_CONVERSION = YES;
				CLANG_WARN_NON_LITERAL_NULL_CONVERSION = YES;
				CLANG_WARN_OBJC_IMPLICIT_RETAIN_SELF = YES;
				CLANG_WARN_OBJC_LITERAL_CONVERSION = YES;
				CLANG_WARN_OBJC_ROOT_CLASS = YES_ERROR;
				CLANG_WARN_QUOTED_INCLUDE_IN_FRAMEWORK_HEADER = YES;
				CLANG_WARN_RANGE_LOOP_ANALYSIS = YES;
				CLANG_WARN_STRICT_PROTOTYPES = YES;
				CLANG_WARN_SUSPICIOUS_MOVE = YES;
				CLANG_WARN_UNGUARDED_AVAILABILITY = YES_AGGRESSIVE;
				CLANG_WARN_UNREACHABLE_CODE = YES;
				CLANG_WARN__DUPLICATE_METHOD_MATCH = YES;
				COPY_PHASE_STRIP = NO;
				DEBUG_INFORMATION_FORMAT = "dwarf-with-dsym";
				ENABLE_NS_ASSERTIONS = NO;
				ENABLE_STRICT_OBJC_MSGSEND = YES;
				GCC_C_LANGUAGE_STANDARD = gnu11;
				GCC_NO_COMMON_BLOCKS = YES;
				GCC_WARN_64_TO_32_BIT_CONVERSION = YES;
				GCC_WARN_ABOUT_RETURN_TYPE = YES_ERROR;
				GCC_WARN_UNDECLARED_SELECTOR = YES;
				GCC_WARN_UNINITIALIZED_AUTOS = YES_AGGRESSIVE;
				GCC_WARN_UNUSED_FUNCTION = YES;
				GCC_WARN_UNUSED_VARIABLE = YES;
				IPHONEOS_DEPLOYMENT_TARGET = 14.1;
				MTL_ENABLE_DEBUG_INFO = NO;
				MTL_FAST_MATH = YES;
				SDKROOT = iphoneos;
				SWIFT_COMPILATION_MODE = wholemodule;
				SWIFT_OPTIMIZATION_LEVEL = "-O";
				VALIDATE_PRODUCT = YES;
			};
			name = Release;
		};
		6AD3EDF72552A00A00F8EF61 /* Debug */ = {
			isa = XCBuildConfiguration;
			buildSettings = {
				ASSETCATALOG_COMPILER_APPICON_NAME = AppIcon;
				ASSETCATALOG_COMPILER_GLOBAL_ACCENT_COLOR_NAME = AccentColor;
				CODE_SIGN_STYLE = Automatic;
				DEVELOPMENT_TEAM = 93A6S4WHC4;
				INFOPLIST_FILE = CoordinatorPractice/Info.plist;
				LD_RUNPATH_SEARCH_PATHS = (
					"$(inherited)",
					"@executable_path/Frameworks",
				);
				PRODUCT_BUNDLE_IDENTIFIER = com.lena.CoordinatorPractice;
				PRODUCT_NAME = "$(TARGET_NAME)";
				SWIFT_VERSION = 5.0;
				TARGETED_DEVICE_FAMILY = "1,2";
			};
			name = Debug;
		};
		6AD3EDF82552A00A00F8EF61 /* Release */ = {
			isa = XCBuildConfiguration;
			buildSettings = {
				ASSETCATALOG_COMPILER_APPICON_NAME = AppIcon;
				ASSETCATALOG_COMPILER_GLOBAL_ACCENT_COLOR_NAME = AccentColor;
				CODE_SIGN_STYLE = Automatic;
				DEVELOPMENT_TEAM = 93A6S4WHC4;
				INFOPLIST_FILE = CoordinatorPractice/Info.plist;
				LD_RUNPATH_SEARCH_PATHS = (
					"$(inherited)",
					"@executable_path/Frameworks",
				);
				PRODUCT_BUNDLE_IDENTIFIER = com.lena.CoordinatorPractice;
				PRODUCT_NAME = "$(TARGET_NAME)";
				SWIFT_VERSION = 5.0;
				TARGETED_DEVICE_FAMILY = "1,2";
			};
			name = Release;
		};
		6AD3EDFA2552A00A00F8EF61 /* Debug */ = {
			isa = XCBuildConfiguration;
			buildSettings = {
				ALWAYS_EMBED_SWIFT_STANDARD_LIBRARIES = YES;
				BUNDLE_LOADER = "$(TEST_HOST)";
				CODE_SIGN_STYLE = Automatic;
				DEVELOPMENT_TEAM = 93A6S4WHC4;
				INFOPLIST_FILE = CoordinatorPracticeTests/Info.plist;
				IPHONEOS_DEPLOYMENT_TARGET = 14.1;
				LD_RUNPATH_SEARCH_PATHS = (
					"$(inherited)",
					"@executable_path/Frameworks",
					"@loader_path/Frameworks",
				);
				PRODUCT_BUNDLE_IDENTIFIER = com.lena.CoordinatorPracticeTests;
				PRODUCT_NAME = "$(TARGET_NAME)";
				SWIFT_VERSION = 5.0;
				TARGETED_DEVICE_FAMILY = "1,2";
				TEST_HOST = "$(BUILT_PRODUCTS_DIR)/CoordinatorPractice.app/CoordinatorPractice";
			};
			name = Debug;
		};
		6AD3EDFB2552A00A00F8EF61 /* Release */ = {
			isa = XCBuildConfiguration;
			buildSettings = {
				ALWAYS_EMBED_SWIFT_STANDARD_LIBRARIES = YES;
				BUNDLE_LOADER = "$(TEST_HOST)";
				CODE_SIGN_STYLE = Automatic;
				DEVELOPMENT_TEAM = 93A6S4WHC4;
				INFOPLIST_FILE = CoordinatorPracticeTests/Info.plist;
				IPHONEOS_DEPLOYMENT_TARGET = 14.1;
				LD_RUNPATH_SEARCH_PATHS = (
					"$(inherited)",
					"@executable_path/Frameworks",
					"@loader_path/Frameworks",
				);
				PRODUCT_BUNDLE_IDENTIFIER = com.lena.CoordinatorPracticeTests;
				PRODUCT_NAME = "$(TARGET_NAME)";
				SWIFT_VERSION = 5.0;
				TARGETED_DEVICE_FAMILY = "1,2";
				TEST_HOST = "$(BUILT_PRODUCTS_DIR)/CoordinatorPractice.app/CoordinatorPractice";
			};
			name = Release;
		};
		6AD3EDFD2552A00A00F8EF61 /* Debug */ = {
			isa = XCBuildConfiguration;
			buildSettings = {
				ALWAYS_EMBED_SWIFT_STANDARD_LIBRARIES = YES;
				CODE_SIGN_STYLE = Automatic;
				DEVELOPMENT_TEAM = 93A6S4WHC4;
				INFOPLIST_FILE = CoordinatorPracticeUITests/Info.plist;
				LD_RUNPATH_SEARCH_PATHS = (
					"$(inherited)",
					"@executable_path/Frameworks",
					"@loader_path/Frameworks",
				);
				PRODUCT_BUNDLE_IDENTIFIER = com.lena.CoordinatorPracticeUITests;
				PRODUCT_NAME = "$(TARGET_NAME)";
				SWIFT_VERSION = 5.0;
				TARGETED_DEVICE_FAMILY = "1,2";
				TEST_TARGET_NAME = CoordinatorPractice;
			};
			name = Debug;
		};
		6AD3EDFE2552A00A00F8EF61 /* Release */ = {
			isa = XCBuildConfiguration;
			buildSettings = {
				ALWAYS_EMBED_SWIFT_STANDARD_LIBRARIES = YES;
				CODE_SIGN_STYLE = Automatic;
				DEVELOPMENT_TEAM = 93A6S4WHC4;
				INFOPLIST_FILE = CoordinatorPracticeUITests/Info.plist;
				LD_RUNPATH_SEARCH_PATHS = (
					"$(inherited)",
					"@executable_path/Frameworks",
					"@loader_path/Frameworks",
				);
				PRODUCT_BUNDLE_IDENTIFIER = com.lena.CoordinatorPracticeUITests;
				PRODUCT_NAME = "$(TARGET_NAME)";
				SWIFT_VERSION = 5.0;
				TARGETED_DEVICE_FAMILY = "1,2";
				TEST_TARGET_NAME = CoordinatorPractice;
			};
			name = Release;
		};
/* End XCBuildConfiguration section */

/* Begin XCConfigurationList section */
		6AD3EDC42552A00800F8EF61 /* Build configuration list for PBXProject "CoordinatorPractice" */ = {
			isa = XCConfigurationList;
			buildConfigurations = (
				6AD3EDF42552A00A00F8EF61 /* Debug */,
				6AD3EDF52552A00A00F8EF61 /* Release */,
			);
			defaultConfigurationIsVisible = 0;
			defaultConfigurationName = Release;
		};
		6AD3EDF62552A00A00F8EF61 /* Build configuration list for PBXNativeTarget "CoordinatorPractice" */ = {
			isa = XCConfigurationList;
			buildConfigurations = (
				6AD3EDF72552A00A00F8EF61 /* Debug */,
				6AD3EDF82552A00A00F8EF61 /* Release */,
			);
			defaultConfigurationIsVisible = 0;
			defaultConfigurationName = Release;
		};
		6AD3EDF92552A00A00F8EF61 /* Build configuration list for PBXNativeTarget "CoordinatorPracticeTests" */ = {
			isa = XCConfigurationList;
			buildConfigurations = (
				6AD3EDFA2552A00A00F8EF61 /* Debug */,
				6AD3EDFB2552A00A00F8EF61 /* Release */,
			);
			defaultConfigurationIsVisible = 0;
			defaultConfigurationName = Release;
		};
		6AD3EDFC2552A00A00F8EF61 /* Build configuration list for PBXNativeTarget "CoordinatorPracticeUITests" */ = {
			isa = XCConfigurationList;
			buildConfigurations = (
				6AD3EDFD2552A00A00F8EF61 /* Debug */,
				6AD3EDFE2552A00A00F8EF61 /* Release */,
			);
			defaultConfigurationIsVisible = 0;
			defaultConfigurationName = Release;
		};
/* End XCConfigurationList section */

/* Begin XCVersionGroup section */
		6AD3EDD52552A00800F8EF61 /* CoordinatorPractice.xcdatamodeld */ = {
			isa = XCVersionGroup;
			children = (
				6AD3EDD62552A00800F8EF61 /* CoordinatorPractice.xcdatamodel */,
			);
			currentVersion = 6AD3EDD62552A00800F8EF61 /* CoordinatorPractice.xcdatamodel */;
			path = CoordinatorPractice.xcdatamodeld;
			sourceTree = "<group>";
			versionGroupType = wrapper.xcdatamodel;
		};
/* End XCVersionGroup section */
	};
	rootObject = 6AD3EDC12552A00800F8EF61 /* Project object */;
}
